
Microsoft Visual Studio Solution File, Format Version 12.00
# Visual Studio Version 17
VisualStudioVersion = 17.7.34031.279
MinimumVisualStudioVersion = 10.0.40219.1
Project("{FAE04EC0-301F-11D3-BF4B-00C04F79EFBC}") = "boekWinkel", "boekWinkel.csproj", "{F8E89C83-B82E-41E3-97F1-83E49C7034BA}"
EndProject
Global
	GlobalSection(SolutionConfigurationPlatforms) = preSolution
		Debug|Any CPU = Debug|Any CPU
		Release|Any CPU = Release|Any CPU
	EndGlobalSection
	GlobalSection(ProjectConfigurationPlatforms) = postSolution
		{F8E89C83-B82E-41E3-97F1-83E49C7034BA}.Debug|Any CPU.ActiveCfg = Debug|Any CPU
		{F8E89C83-B82E-41E3-97F1-83E49C7034BA}.Debug|Any CPU.Build.0 = Debug|Any CPU
		{F8E89C83-B82E-41E3-97F1-83E49C7034BA}.Release|Any CPU.ActiveCfg = Release|Any CPU
		{F8E89C83-B82E-41E3-97F1-83E49C7034BA}.Release|Any CPU.Build.0 = Release|Any CPU
	EndGlobalSection
	GlobalSection(SolutionProperties) = preSolution
		HideSolutionNode = FALSE
	EndGlobalSection
	GlobalSection(ExtensibilityGlobals) = postSolution
		SolutionGuid = {DDAB2EEB-F930-4A47-A6F8-D93A19A8F819}
	EndGlobalSection
EndGlobal
